
Microsoft Visual Studio Solution File, Format Version 12.00
# Visual Studio Version 16
VisualStudioVersion = 16.0.31313.79
MinimumVisualStudioVersion = 10.0.40219.1
Project("{FAE04EC0-301F-11D3-BF4B-00C04F79EFBC}") = "AbsractFactory", "AbsractFactory\AbsractFactory.csproj", "{0A9EEEBE-9842-4CB8-84F8-D3A0026D8175}"
EndProject
Global
	GlobalSection(SolutionConfigurationPlatforms) = preSolution
		Debug|Any CPU = Debug|Any CPU
		Release|Any CPU = Release|Any CPU
	EndGlobalSection
	GlobalSection(ProjectConfigurationPlatforms) = postSolution
		{0A9EEEBE-9842-4CB8-84F8-D3A0026D8175}.Debug|Any CPU.ActiveCfg = Debug|Any CPU
		{0A9EEEBE-9842-4CB8-84F8-D3A0026D8175}.Debug|Any CPU.Build.0 = Debug|Any CPU
		{0A9EEEBE-9842-4CB8-84F8-D3A0026D8175}.Release|Any CPU.ActiveCfg = Release|Any CPU
		{0A9EEEBE-9842-4CB8-84F8-D3A0026D8175}.Release|Any CPU.Build.0 = Release|Any CPU
	EndGlobalSection
	GlobalSection(SolutionProperties) = preSolution
		HideSolutionNode = FALSE
	EndGlobalSection
	GlobalSection(ExtensibilityGlobals) = postSolution
		SolutionGuid = {2A5FFF84-DCF6-4DC5-8765-A7510369462D}
	EndGlobalSection
EndGlobal
