
Microsoft Visual Studio Solution File, Format Version 12.00
# Visual Studio Version 16
VisualStudioVersion = 16.0.31129.286
MinimumVisualStudioVersion = 10.0.40219.1
Project("{FAE04EC0-301F-11D3-BF4B-00C04F79EFBC}") = "DesignPatternWeek7Day3", "DesignPatternWeek7Day3.csproj", "{582048D9-2AD5-4CC4-A379-ACD0219CAFCA}"
EndProject
Global
	GlobalSection(SolutionConfigurationPlatforms) = preSolution
		Debug|Any CPU = Debug|Any CPU
		Release|Any CPU = Release|Any CPU
	EndGlobalSection
	GlobalSection(ProjectConfigurationPlatforms) = postSolution
		{582048D9-2AD5-4CC4-A379-ACD0219CAFCA}.Debug|Any CPU.ActiveCfg = Debug|Any CPU
		{582048D9-2AD5-4CC4-A379-ACD0219CAFCA}.Debug|Any CPU.Build.0 = Debug|Any CPU
		{582048D9-2AD5-4CC4-A379-ACD0219CAFCA}.Release|Any CPU.ActiveCfg = Release|Any CPU
		{582048D9-2AD5-4CC4-A379-ACD0219CAFCA}.Release|Any CPU.Build.0 = Release|Any CPU
	EndGlobalSection
	GlobalSection(SolutionProperties) = preSolution
		HideSolutionNode = FALSE
	EndGlobalSection
	GlobalSection(ExtensibilityGlobals) = postSolution
		SolutionGuid = {73A54F14-1B63-4323-BAF5-CBB8CAF7264D}
	EndGlobalSection
EndGlobal
