
Microsoft Visual Studio Solution File, Format Version 12.00
# Visual Studio Version 16
VisualStudioVersion = 16.0.31313.79
MinimumVisualStudioVersion = 10.0.40219.1
Project("{FAE04EC0-301F-11D3-BF4B-00C04F79EFBC}") = "AbstractFactory", "AbstractFactory\AbstractFactory.csproj", "{290A45E8-1C31-47C1-90B4-C2EA194E2547}"
EndProject
Global
	GlobalSection(SolutionConfigurationPlatforms) = preSolution
		Debug|Any CPU = Debug|Any CPU
		Release|Any CPU = Release|Any CPU
	EndGlobalSection
	GlobalSection(ProjectConfigurationPlatforms) = postSolution
		{290A45E8-1C31-47C1-90B4-C2EA194E2547}.Debug|Any CPU.ActiveCfg = Debug|Any CPU
		{290A45E8-1C31-47C1-90B4-C2EA194E2547}.Debug|Any CPU.Build.0 = Debug|Any CPU
		{290A45E8-1C31-47C1-90B4-C2EA194E2547}.Release|Any CPU.ActiveCfg = Release|Any CPU
		{290A45E8-1C31-47C1-90B4-C2EA194E2547}.Release|Any CPU.Build.0 = Release|Any CPU
	EndGlobalSection
	GlobalSection(SolutionProperties) = preSolution
		HideSolutionNode = FALSE
	EndGlobalSection
	GlobalSection(ExtensibilityGlobals) = postSolution
		SolutionGuid = {CEC4D1D0-A518-4F4D-A69C-C570D81E5285}
	EndGlobalSection
EndGlobal
