
Microsoft Visual Studio Solution File, Format Version 12.00
# Visual Studio Version 16
VisualStudioVersion = 16.0.809.7
MinimumVisualStudioVersion = 10.0.40219.1
Project("{FAE04EC0-301F-11D3-BF4B-00C04F79EFBC}") = "week03-AbstractFactory", "week03-AbstractFactory.csproj", "{8B0CC7F6-7296-4B1F-89C3-62BD351EC887}"
EndProject
Global
	GlobalSection(SolutionConfigurationPlatforms) = preSolution
		Debug|Any CPU = Debug|Any CPU
		Release|Any CPU = Release|Any CPU
	EndGlobalSection
	GlobalSection(ProjectConfigurationPlatforms) = postSolution
		{8B0CC7F6-7296-4B1F-89C3-62BD351EC887}.Debug|Any CPU.ActiveCfg = Debug|Any CPU
		{8B0CC7F6-7296-4B1F-89C3-62BD351EC887}.Debug|Any CPU.Build.0 = Debug|Any CPU
		{8B0CC7F6-7296-4B1F-89C3-62BD351EC887}.Release|Any CPU.ActiveCfg = Release|Any CPU
		{8B0CC7F6-7296-4B1F-89C3-62BD351EC887}.Release|Any CPU.Build.0 = Release|Any CPU
	EndGlobalSection
	GlobalSection(SolutionProperties) = preSolution
		HideSolutionNode = FALSE
	EndGlobalSection
	GlobalSection(ExtensibilityGlobals) = postSolution
		SolutionGuid = {DDD17037-A845-4C1D-9ABD-530276A8C6D7}
	EndGlobalSection
EndGlobal
