
Microsoft Visual Studio Solution File, Format Version 12.00
# Visual Studio Version 16
VisualStudioVersion = 16.0.31313.79
MinimumVisualStudioVersion = 10.0.40219.1
Project("{FAE04EC0-301F-11D3-BF4B-00C04F79EFBC}") = "AbstractDesignPatterns", "AbstractDesignPatterns.csproj", "{29C105FB-8DC4-45C9-8727-945EE31C9024}"
EndProject
Global
	GlobalSection(SolutionConfigurationPlatforms) = preSolution
		Debug|Any CPU = Debug|Any CPU
		Release|Any CPU = Release|Any CPU
	EndGlobalSection
	GlobalSection(ProjectConfigurationPlatforms) = postSolution
		{29C105FB-8DC4-45C9-8727-945EE31C9024}.Debug|Any CPU.ActiveCfg = Debug|Any CPU
		{29C105FB-8DC4-45C9-8727-945EE31C9024}.Debug|Any CPU.Build.0 = Debug|Any CPU
		{29C105FB-8DC4-45C9-8727-945EE31C9024}.Release|Any CPU.ActiveCfg = Release|Any CPU
		{29C105FB-8DC4-45C9-8727-945EE31C9024}.Release|Any CPU.Build.0 = Release|Any CPU
	EndGlobalSection
	GlobalSection(SolutionProperties) = preSolution
		HideSolutionNode = FALSE
	EndGlobalSection
	GlobalSection(ExtensibilityGlobals) = postSolution
		SolutionGuid = {1778A2A6-681C-4D0E-A9BE-ADEF0555A94C}
	EndGlobalSection
EndGlobal
